github.com/dustin/go-humanize v1.0.0/go.mod h1:HtrtbFcZ19U5GC7JDqmcUSB87Iq5E25KnS6fMYU6eOk=
github.com/google/go-cmp v0.3.1/go.mod h1:8QqcDgzrUqlUb/G2PQTWiueGozuR1884gddMywk6iLU=
github.com/mattn/go-isatty v0.0.12 h1:wuysRhFDzyxgEmMf5xjvJ2M9dZoWAXNNr5LSBS7uHXY=
github.com/mattn/go-isatty v0.0.12/go.mod h1:cbi8OIDigv2wuxKPP5vlRcQ1OAZbq2CE4Kysco4FUpU=
github.com/remyoudompheng/bigfft v0.0.0-20190728182440-6a916e37a237/go.mod h1:qqbHyh8v60DhA7CoWK5oRCqLrMHRGoxYCSS9EjAz6Eo=
github.com/remyoudompheng/bigfft v0.0.0-20200410134404-eec4a21b6bb0 h1:OdAsTTz6OkFY5QxjkYwrChwuRruF69c169dPK26NUlk=
github.com/remyoudompheng/bigfft v0.0.0-20200410134404-eec4a21b6bb0/go.mod h1:qqbHyh8v60DhA7CoWK5oRCqLrMHRGoxYCSS9EjAz6Eo=
golang.org/x/sys v0.0.0-20200116001909-b77594299b42/go.mod h1:h1NjWce9XRLGQEsW7wpKNCjG9DtNlClVuFLEZdDNbEs=
golang.org/x/sys v0.0.0-20200826173525-f9321e4c35a6 h1:DvY3Zkh7KabQE/kfzMvYvKirSiguP9Q/veMtkYyf0o8=
golang.org/x/sys v0.0.0-20200826173525-f9321e4c35a6/go.mod h1:h1NjWce9XRLGQEsW7wpKNCjG9DtNlClVuFLEZdDNbEs=
honnef.co/go/netdb v0.0.0-20150201073656-a416d700ae39 h1:Oyv66NRkI9fnsvTlaB9foJojt8Lt34vcX8SMNqsvw6U=
honnef.co/go/netdb v0.0.0-20150201073656-a416d700ae39/go.mod h1:rbNo0ST5hSazCG4rGfpHrwnwvzP1QX62WbhzD+ghGzs=
modernc.org/cc/v3 v3.25.2/go.mod h1:NZ//ji5AVKCoutHdl35YtsWflZrIWMQAMgDtmKq2eyA=
modernc.org/httpfs v1.0.0 h1:LtuKNg6JMiaBKVQHKd6Phhvk+2GFp+pUcmDQgRjrds0=
modernc.org/httpfs v1.0.0/go.mod h1:BSkfoMUcahSijQD5J/Vu4UMOxzmEf5SNRwyXC4PJBEw=
modernc.org/libc v1.1.1 h1:KPZz/w/YsBQmGHFUqxN3HpIhP7YU9QvXxfGKCJO8c4w=
modernc.org/libc v1.1.1/go.mod h1:pPop4OK7nOvqg26XpsLJeEkNQmb7AlZOQUldxz1Q7nA=
modernc.org/mathutil v1.0.0/go.mod h1:wU0vUrJsVWBZ4P6e7xtFJEhFSNsfRLJ8H458uRjg03k=
modernc.org/mathutil v1.1.1 h1:FeylZSVX8S+58VsyJlkEj2bcpdytmp9MmDKZkKx8OIE=
modernc.org/mathutil v1.1.1/go.mod h1:mZW8CKdRPY1v87qxC/wUdX5O1qDzXMP5TH3wjfpga6E=
modernc.org/memory v1.0.0 h1:Tm1p6vBp/U/SGR9/EeFhMvGzaVpUWeePopZhhIpW2YE=
modernc.org/memory v1.0.0/go.mod h1:TXr4iJDvK3g0hW+sV+Kohu7BoeHfqw7QEFZWkBExdZc=
modernc.org/strutil v1.1.0/go.mod h1:lstksw84oURvj9y3tn8lGvRxyRC1S2+g5uuIzNfIOBs=
modernc.org/tcl v1.2.0 h1:yhxQGv0Y5tAJMKIiYUP3NzP7J/DpI7znRcYcuh68swI=
modernc.org/tcl v1.2.0/go.mod h1:j3SIZYKBDa5DLImg/6NtYba3XuN2nMnv4FhHxkBHoa4=
modernc.org/token v1.0.0/go.mod h1:UGzOrNV1mAFSEB63lOFHIpNRUVMvYTc6yu1SMY/XTDM=
