github.com/mattn/go-isatty v0.0.12 h1:wuysRhFDzyxgEmMf5xjvJ2M9dZoWAXNNr5LSBS7uHXY=
github.com/mattn/go-isatty v0.0.12/go.mod h1:cbi8OIDigv2wuxKPP5vlRcQ1OAZbq2CE4Kysco4FUpU=
github.com/remyoudompheng/bigfft v0.0.0-20200410134404-eec4a21b6bb0 h1:OdAsTTz6OkFY5QxjkYwrChwuRruF69c169dPK26NUlk=
github.com/remyoudompheng/bigfft v0.0.0-20200410134404-eec4a21b6bb0/go.mod h1:qqbHyh8v60DhA7CoWK5oRCqLrMHRGoxYCSS9EjAz6Eo=
golang.org/x/sys v0.0.0-20200116001909-b77594299b42/go.mod h1:h1NjWce9XRLGQEsW7wpKNCjG9DtNlClVuFLEZdDNbEs=
golang.org/x/sys v0.0.0-20200826173525-f9321e4c35a6 h1:DvY3Zkh7KabQE/kfzMvYvKirSiguP9Q/veMtkYyf0o8=
golang.org/x/sys v0.0.0-20200826173525-f9321e4c35a6/go.mod h1:h1NjWce9XRLGQEsW7wpKNCjG9DtNlClVuFLEZdDNbEs=
modernc.org/httpfs v1.0.0 h1:LtuKNg6JMiaBKVQHKd6Phhvk+2GFp+pUcmDQgRjrds0=
modernc.org/httpfs v1.0.0/go.mod h1:BSkfoMUcahSijQD5J/Vu4UMOxzmEf5SNRwyXC4PJBEw=
modernc.org/libc v1.0.0 h1:MgQgjhJDgugN7makTrP2K503x+vKBy0EIv1o8uSuG0k=
modernc.org/libc v1.0.0/go.mod h1:iulSAj8W71uuiT8V3cOzJfRvrhNMz2kawtuJy18EEE4=
modernc.org/mathutil v1.1.1 h1:FeylZSVX8S+58VsyJlkEj2bcpdytmp9MmDKZkKx8OIE=
modernc.org/mathutil v1.1.1/go.mod h1:mZW8CKdRPY1v87qxC/wUdX5O1qDzXMP5TH3wjfpga6E=
modernc.org/memory v1.0.0 h1:Tm1p6vBp/U/SGR9/EeFhMvGzaVpUWeePopZhhIpW2YE=
modernc.org/memory v1.0.0/go.mod h1:TXr4iJDvK3g0hW+sV+Kohu7BoeHfqw7QEFZWkBExdZc=
modernc.org/tcl v1.1.0 h1:rOb4Dtcf0aidHBu8Ctz3FkW+PQpgCrChEIQ9+LUPst0=
modernc.org/tcl v1.1.0/go.mod h1:8qvhdwj80wWqMugFAW2sduRIsdWBKOmxu+VwCXfE1X4=
