github.com/mattn/go-isatty v0.0.12 h1:wuysRhFDzyxgEmMf5xjvJ2M9dZoWAXNNr5LSBS7uHXY=
github.com/mattn/go-isatty v0.0.12/go.mod h1:cbi8OIDigv2wuxKPP5vlRcQ1OAZbq2CE4Kysco4FUpU=
github.com/mattn/go-sqlite3 v1.14.6 h1:dNPt6NO46WmLVt2DLNpwczCmdV5boIZ6g/tlDrlRUbg=
github.com/mattn/go-sqlite3 v1.14.6/go.mod h1:NyWgC/yNuGj7Q9rpYnZvas74GogHl5/Z4A/KQRfk6bU=
github.com/remyoudompheng/bigfft v0.0.0-20200410134404-eec4a21b6bb0 h1:OdAsTTz6OkFY5QxjkYwrChwuRruF69c169dPK26NUlk=
github.com/remyoudompheng/bigfft v0.0.0-20200410134404-eec4a21b6bb0/go.mod h1:qqbHyh8v60DhA7CoWK5oRCqLrMHRGoxYCSS9EjAz6Eo=
golang.org/x/sys v0.0.0-20200116001909-b77594299b42/go.mod h1:h1NjWce9XRLGQEsW7wpKNCjG9DtNlClVuFLEZdDNbEs=
golang.org/x/sys v0.0.0-20201126233918-771906719818 h1:f1CIuDlJhwANEC2MM87MBEVMr3jl5bifgsfj90XAF9c=
golang.org/x/sys v0.0.0-20201126233918-771906719818/go.mod h1:h1NjWce9XRLGQEsW7wpKNCjG9DtNlClVuFLEZdDNbEs=
modernc.org/httpfs v1.0.2 h1:4aw8F68gTwx7FWL/vEMjm/XaPwPL16MItkF/P9ziEPY=
modernc.org/httpfs v1.0.2/go.mod h1:7dosgurJGp0sPaRanU53W4xZYKh14wfzX420oZADeHM=
modernc.org/libc v1.7.4 h1:2UytZ4rM1T+1mUtyEe4GSOBihTDVa8EdVq5wpFk54EE=
modernc.org/libc v1.7.4/go.mod h1:IR66laG5b3bONN1tfix3Gpy8xk/6WDf+Rtc4NqNczls=
modernc.org/mathutil v1.1.1 h1:FeylZSVX8S+58VsyJlkEj2bcpdytmp9MmDKZkKx8OIE=
modernc.org/mathutil v1.1.1/go.mod h1:mZW8CKdRPY1v87qxC/wUdX5O1qDzXMP5TH3wjfpga6E=
modernc.org/mathutil v1.2.1 h1:PSIN4RdyeB6MbFsNLSkFCzDjnEVEMS3H/hFHcJtAJ9g=
modernc.org/mathutil v1.2.1/go.mod h1:mZW8CKdRPY1v87qxC/wUdX5O1qDzXMP5TH3wjfpga6E=
modernc.org/memory v1.0.1 h1:bhVo78NAdgvRD4N+b2hGnAwL5RP2+QyiEJDsX3jpeDA=
modernc.org/memory v1.0.1/go.mod h1:NSjvC08+g3MLOpcAxQbdctcThAEX4YlJ20WWHYEhvRg=
modernc.org/tcl v0.0.0-20210121111815-0d71ceacf655 h1:UlbpemRpBbXK3QdJVbZCDdTOjyg1LFm8HAwok/YGZCs=
modernc.org/tcl v0.0.0-20210121111815-0d71ceacf655/go.mod h1:8hi3bY0555FwbeRAhkuMmn1Rt5QZKd3Fmw0i/heahU0=
